
Microsoft Visual Studio Solution File, Format Version 12.00
# Visual Studio Version 17
VisualStudioVersion = 17.3.32811.315
MinimumVisualStudioVersion = 10.0.40219.1
Project("{FAE04EC0-301F-11D3-BF4B-00C04F79EFBC}") = "Doodle_Jump", "Doodle_Jump\Doodle_Jump.csproj", "{2EBD2948-6623-4C24-A2FA-CF20ADA7133D}"
EndProject
Global
	GlobalSection(SolutionConfigurationPlatforms) = preSolution
		Debug|Any CPU = Debug|Any CPU
		Release|Any CPU = Release|Any CPU
	EndGlobalSection
	GlobalSection(ProjectConfigurationPlatforms) = postSolution
		{2EBD2948-6623-4C24-A2FA-CF20ADA7133D}.Debug|Any CPU.ActiveCfg = Debug|Any CPU
		{2EBD2948-6623-4C24-A2FA-CF20ADA7133D}.Debug|Any CPU.Build.0 = Debug|Any CPU
		{2EBD2948-6623-4C24-A2FA-CF20ADA7133D}.Release|Any CPU.ActiveCfg = Release|Any CPU
		{2EBD2948-6623-4C24-A2FA-CF20ADA7133D}.Release|Any CPU.Build.0 = Release|Any CPU
	EndGlobalSection
	GlobalSection(SolutionProperties) = preSolution
		HideSolutionNode = FALSE
	EndGlobalSection
	GlobalSection(ExtensibilityGlobals) = postSolution
		SolutionGuid = {B25F2B18-B079-4A93-8F27-62C7F1E0825E}
	EndGlobalSection
EndGlobal
